
Microsoft Visual Studio Solution File, Format Version 12.00
# Visual Studio Version 16
VisualStudioVersion = 16.0.29519.181
MinimumVisualStudioVersion = 10.0.40219.1
Project("{FAE04EC0-301F-11D3-BF4B-00C04F79EFBC}") = "WebApp", "WebApp\WebApp.csproj", "{143D196E-C170-4CE2-A5D3-F19986C29CAA}"
EndProject
Global
	GlobalSection(SolutionConfigurationPlatforms) = preSolution
		Debug|Any CPU = Debug|Any CPU
		Release|Any CPU = Release|Any CPU
	EndGlobalSection
	GlobalSection(ProjectConfigurationPlatforms) = postSolution
		{143D196E-C170-4CE2-A5D3-F19986C29CAA}.Debug|Any CPU.ActiveCfg = Debug|Any CPU
		{143D196E-C170-4CE2-A5D3-F19986C29CAA}.Debug|Any CPU.Build.0 = Debug|Any CPU
		{143D196E-C170-4CE2-A5D3-F19986C29CAA}.Release|Any CPU.ActiveCfg = Release|Any CPU
		{143D196E-C170-4CE2-A5D3-F19986C29CAA}.Release|Any CPU.Build.0 = Release|Any CPU
	EndGlobalSection
	GlobalSection(SolutionProperties) = preSolution
		HideSolutionNode = FALSE
	EndGlobalSection
	GlobalSection(ExtensibilityGlobals) = postSolution
		SolutionGuid = {4CAAFCAD-CA01-49FF-ACB0-62464DBCDD21}
	EndGlobalSection
EndGlobal
